
Microsoft Visual Studio Solution File, Format Version 12.00
# Visual Studio Version 17
VisualStudioVersion = 17.10.35004.147
MinimumVisualStudioVersion = 10.0.40219.1
Project("{8BC9CEB8-8B4A-11D0-8D11-00A0C91BC942}") = "Sandbox", "Sandbox\Sandbox.vcxproj", "{4D6E55F2-DA8C-493A-9EE1-0BC9737BD75E}"
EndProject
Project("{8BC9CEB8-8B4A-11D0-8D11-00A0C91BC942}") = "core", "core\core.vcxproj", "{3920746A-DC08-4D21-B476-B9719EA91E38}"
EndProject
Global
	GlobalSection(SolutionConfigurationPlatforms) = preSolution
		Debug|x64 = Debug|x64
		Release|x64 = Release|x64
	EndGlobalSection
	GlobalSection(ProjectConfigurationPlatforms) = postSolution
		{3920746A-DC08-4D21-B476-B9719EA91E38}.Debug|x64.ActiveCfg = Debug|x64
		{3920746A-DC08-4D21-B476-B9719EA91E38}.Debug|x64.Build.0 = Debug|x64
		{3920746A-DC08-4D21-B476-B9719EA91E38}.Release|x64.ActiveCfg = Release|x64
		{3920746A-DC08-4D21-B476-B9719EA91E38}.Release|x64.Build.0 = Release|x64
		{4D6E55F2-DA8C-493A-9EE1-0BC9737BD75E}.Debug|x64.ActiveCfg = Debug|x64
		{4D6E55F2-DA8C-493A-9EE1-0BC9737BD75E}.Debug|x64.Build.0 = Debug|x64
		{4D6E55F2-DA8C-493A-9EE1-0BC9737BD75E}.Release|x64.ActiveCfg = Release|x64
		{4D6E55F2-DA8C-493A-9EE1-0BC9737BD75E}.Release|x64.Build.0 = Release|x64
	EndGlobalSection
	GlobalSection(SolutionProperties) = preSolution
		HideSolutionNode = FALSE
	EndGlobalSection
	GlobalSection(ExtensibilityGlobals) = postSolution
		SolutionGuid = {4E7FEA42-BF7E-4D40-9A76-EBB0EF2166F7}
	EndGlobalSection
EndGlobal
