<?xml version="1.0" encoding="utf-8"?>
<Project ToolsVersion="4.0" xmlns="http://schemas.microsoft.com/developer/msbuild/2003">
  <ItemGroup>
    <Filter Include="Platform">
      <UniqueIdentifier>{2AC788B4-1694-E3BF-3FAD-D1672BD9184E}</UniqueIdentifier>
    </Filter>
    <Filter Include="Platform\Windows">
      <UniqueIdentifier>{64FBD71A-50F4-F66C-7926-DCF1657ED678}</UniqueIdentifier>
    </Filter>
    <Filter Include="carnival">
      <UniqueIdentifier>{F5D7E715-E1A4-4221-0ABE-30C9F6E977AF}</UniqueIdentifier>
    </Filter>
    <Filter Include="carnival\Event">
      <UniqueIdentifier>{06BD6EEE-F28A-62F4-DB1E-D31AC78B3E59}</UniqueIdentifier>
    </Filter>
  </ItemGroup>
  <ItemGroup>
    <ClInclude Include="src\Carnival.h" />
    <ClInclude Include="src\Platform\Windows\WindowsWindow.h">
      <Filter>Platform\Windows</Filter>
    </ClInclude>
    <ClInclude Include="src\carnival\Application.h">
      <Filter>carnival</Filter>
    </ClInclude>
    <ClInclude Include="src\carnival\EntryPoint.h">
      <Filter>carnival</Filter>
    </ClInclude>
    <ClInclude Include="src\carnival\Event\ApplicationEvent.h">
      <Filter>carnival\Event</Filter>
    </ClInclude>
    <ClInclude Include="src\carnival\Event\Event.h">
      <Filter>carnival\Event</Filter>
    </ClInclude>
    <ClInclude Include="src\carnival\Event\KeyEvent.h">
      <Filter>carnival\Event</Filter>
    </ClInclude>
    <ClInclude Include="src\carnival\Event\MouseEvent.h">
      <Filter>carnival\Event</Filter>
    </ClInclude>
    <ClInclude Include="src\carnival\Layer.h">
      <Filter>carnival</Filter>
    </ClInclude>
    <ClInclude Include="src\carnival\LayerStack.h">
      <Filter>carnival</Filter>
    </ClInclude>
    <ClInclude Include="src\carnival\Log.h">
      <Filter>carnival</Filter>
    </ClInclude>
    <ClInclude Include="src\carnival\Window.h">
      <Filter>carnival</Filter>
    </ClInclude>
    <ClInclude Include="src\carnival\macros.h">
      <Filter>carnival</Filter>
    </ClInclude>
    <ClInclude Include="src\clpch.h" />
  </ItemGroup>
  <ItemGroup>
    <ClCompile Include="src\Platform\Windows\WindowsWindow.cpp">
      <Filter>Platform\Windows</Filter>
    </ClCompile>
    <ClCompile Include="src\carnival\Application.cpp">
      <Filter>carnival</Filter>
    </ClCompile>
    <ClCompile Include="src\carnival\LayerStack.cpp">
      <Filter>carnival</Filter>
    </ClCompile>
    <ClCompile Include="src\carnival\Log.cpp">
      <Filter>carnival</Filter>
    </ClCompile>
    <ClCompile Include="src\clpch.cpp" />
  </ItemGroup>
</Project>